
Microsoft Visual Studio Solution File, Format Version 12.00
# Visual Studio Version 16
VisualStudioVersion = 16.0.31424.327
MinimumVisualStudioVersion = 10.0.40219.1
Project("{D954291E-2A0B-460D-934E-DC6B0785DB48}") = "POSUNO.Shared", "POSUNO.Shared\POSUNO.Shared.shproj", "{6279C845-92F8-4333-AB99-3D213163593C}"
EndProject
Project("{2150E333-8FDC-42A3-9474-1A3956D46DE8}") = "Platforms", "Platforms", "{55A883FA-A28D-4D6A-8722-7DFEA4C47C70}"
EndProject
Project("{FAE04EC0-301F-11D3-BF4B-00C04F79EFBC}") = "POSUNO.Droid", "POSUNO.Droid\POSUNO.Droid.csproj", "{F1F0AC25-686B-4327-814D-A30A3B427BF7}"
EndProject
Project("{FAE04EC0-301F-11D3-BF4B-00C04F79EFBC}") = "POSUNO.iOS", "POSUNO.iOS\POSUNO.iOS.csproj", "{EFCB10D7-30CF-474D-9EBA-03E5B5F450E3}"
EndProject
Project("{FAE04EC0-301F-11D3-BF4B-00C04F79EFBC}") = "POSUNO.UWP", "POSUNO.UWP\POSUNO.UWP.csproj", "{FC99E8A2-FCFC-47CB-8AC6-EFA5B7A05895}"
EndProject
Project("{FAE04EC0-301F-11D3-BF4B-00C04F79EFBC}") = "POSUNO.Wasm", "POSUNO.Wasm\POSUNO.Wasm.csproj", "{D463750A-D714-411B-A9C6-D72B9B0378C6}"
EndProject
Project("{FAE04EC0-301F-11D3-BF4B-00C04F79EFBC}") = "POSUNO.macOS", "POSUNO.macOS\POSUNO.macOS.csproj", "{9BEF26DD-B82E-4222-9743-89DCEE8BD5EA}"
EndProject
Project("{FAE04EC0-301F-11D3-BF4B-00C04F79EFBC}") = "POSUNO.Skia.Wpf.Host", "POSUNO.Skia.Wpf.Host\POSUNO.Skia.Wpf.Host.csproj", "{1B224427-F05E-4BEF-8BE2-E0D5951F0550}"
EndProject
Project("{FAE04EC0-301F-11D3-BF4B-00C04F79EFBC}") = "POSUNO.Skia.Wpf", "POSUNO.Skia.Wpf\POSUNO.Skia.Wpf.csproj", "{89769486-D282-40E8-9EB0-707A0BA8CE98}"
EndProject
Project("{FAE04EC0-301F-11D3-BF4B-00C04F79EFBC}") = "POSUNO.Skia.Gtk", "POSUNO.Skia.Gtk\POSUNO.Skia.Gtk.csproj", "{BA5393DE-7C54-4DE6-BC39-0C22DCBC70CF}"
EndProject
Project("{FAE04EC0-301F-11D3-BF4B-00C04F79EFBC}") = "POSUNO.Skia.Tizen", "POSUNO.Skia.Tizen\POSUNO.Skia.Tizen.csproj", "{F5605E5E-6FA4-475A-952D-08A4288756C3}"
EndProject
Project("{FAE04EC0-301F-11D3-BF4B-00C04F79EFBC}") = "POSUNO.Api", "..\POSUNO.Api\POSUNO.Api.csproj", "{53F0F5C9-2FEE-406B-B1ED-C16C574B1248}"
EndProject
Global
	GlobalSection(SharedMSBuildProjectFiles) = preSolution
		POSUNO.Shared\POSUNO.Shared.projitems*{6279c845-92f8-4333-ab99-3d213163593c}*SharedItemsImports = 13
		POSUNO.Shared\POSUNO.Shared.projitems*{89769486-d282-40e8-9eb0-707a0ba8ce98}*SharedItemsImports = 5
		POSUNO.Shared\POSUNO.Shared.projitems*{9bef26dd-b82e-4222-9743-89dcee8bd5ea}*SharedItemsImports = 4
		POSUNO.Shared\POSUNO.Shared.projitems*{ba5393de-7c54-4de6-bc39-0c22dcbc70cf}*SharedItemsImports = 5
		POSUNO.Shared\POSUNO.Shared.projitems*{d463750a-d714-411b-a9c6-d72b9b0378c6}*SharedItemsImports = 5
		POSUNO.Shared\POSUNO.Shared.projitems*{efcb10d7-30cf-474d-9eba-03e5b5f450e3}*SharedItemsImports = 4
		POSUNO.Shared\POSUNO.Shared.projitems*{f1f0ac25-686b-4327-814d-a30a3b427bf7}*SharedItemsImports = 4
		POSUNO.Shared\POSUNO.Shared.projitems*{f5605e5e-6fa4-475a-952d-08a4288756c3}*SharedItemsImports = 5
		POSUNO.Shared\POSUNO.Shared.projitems*{fc99e8a2-fcfc-47cb-8ac6-efa5b7a05895}*SharedItemsImports = 4
	EndGlobalSection
	GlobalSection(SolutionConfigurationPlatforms) = preSolution
		Ad-Hoc|Any CPU = Ad-Hoc|Any CPU
		Ad-Hoc|ARM = Ad-Hoc|ARM
		Ad-Hoc|ARM64 = Ad-Hoc|ARM64
		Ad-Hoc|iPhone = Ad-Hoc|iPhone
		Ad-Hoc|iPhoneSimulator = Ad-Hoc|iPhoneSimulator
		Ad-Hoc|x64 = Ad-Hoc|x64
		Ad-Hoc|x86 = Ad-Hoc|x86
		AppStore|Any CPU = AppStore|Any CPU
		AppStore|ARM = AppStore|ARM
		AppStore|ARM64 = AppStore|ARM64
		AppStore|iPhone = AppStore|iPhone
		AppStore|iPhoneSimulator = AppStore|iPhoneSimulator
		AppStore|x64 = AppStore|x64
		AppStore|x86 = AppStore|x86
		Debug|Any CPU = Debug|Any CPU
		Debug|ARM = Debug|ARM
		Debug|ARM64 = Debug|ARM64
		Debug|iPhone = Debug|iPhone
		Debug|iPhoneSimulator = Debug|iPhoneSimulator
		Debug|x64 = Debug|x64
		Debug|x86 = Debug|x86
		Release|Any CPU = Release|Any CPU
		Release|ARM = Release|ARM
		Release|ARM64 = Release|ARM64
		Release|iPhone = Release|iPhone
		Release|iPhoneSimulator = Release|iPhoneSimulator
		Release|x64 = Release|x64
		Release|x86 = Release|x86
	EndGlobalSection
	GlobalSection(ProjectConfigurationPlatforms) = postSolution
		{F1F0AC25-686B-4327-814D-A30A3B427BF7}.Ad-Hoc|Any CPU.ActiveCfg = Debug|Any CPU
		{F1F0AC25-686B-4327-814D-A30A3B427BF7}.Ad-Hoc|Any CPU.Build.0 = Debug|Any CPU
		{F1F0AC25-686B-4327-814D-A30A3B427BF7}.Ad-Hoc|Any CPU.Deploy.0 = Debug|Any CPU
		{F1F0AC25-686B-4327-814D-A30A3B427BF7}.Ad-Hoc|ARM.ActiveCfg = Debug|Any CPU
		{F1F0AC25-686B-4327-814D-A30A3B427BF7}.Ad-Hoc|ARM.Build.0 = Debug|Any CPU
		{F1F0AC25-686B-4327-814D-A30A3B427BF7}.Ad-Hoc|ARM.Deploy.0 = Debug|Any CPU
		{F1F0AC25-686B-4327-814D-A30A3B427BF7}.Ad-Hoc|ARM64.ActiveCfg = Debug|Any CPU
		{F1F0AC25-686B-4327-814D-A30A3B427BF7}.Ad-Hoc|ARM64.Build.0 = Debug|Any CPU
		{F1F0AC25-686B-4327-814D-A30A3B427BF7}.Ad-Hoc|ARM64.Deploy.0 = Debug|Any CPU
		{F1F0AC25-686B-4327-814D-A30A3B427BF7}.Ad-Hoc|iPhone.ActiveCfg = Debug|Any CPU
		{F1F0AC25-686B-4327-814D-A30A3B427BF7}.Ad-Hoc|iPhone.Build.0 = Debug|Any CPU
		{F1F0AC25-686B-4327-814D-A30A3B427BF7}.Ad-Hoc|iPhone.Deploy.0 = Debug|Any CPU
		{F1F0AC25-686B-4327-814D-A30A3B427BF7}.Ad-Hoc|iPhoneSimulator.ActiveCfg = Debug|Any CPU
		{F1F0AC25-686B-4327-814D-A30A3B427BF7}.Ad-Hoc|iPhoneSimulator.Build.0 = Debug|Any CPU
		{F1F0AC25-686B-4327-814D-A30A3B427BF7}.Ad-Hoc|iPhoneSimulator.Deploy.0 = Debug|Any CPU
		{F1F0AC25-686B-4327-814D-A30A3B427BF7}.Ad-Hoc|x64.ActiveCfg = Debug|Any CPU
		{F1F0AC25-686B-4327-814D-A30A3B427BF7}.Ad-Hoc|x64.Build.0 = Debug|Any CPU
		{F1F0AC25-686B-4327-814D-A30A3B427BF7}.Ad-Hoc|x64.Deploy.0 = Debug|Any CPU
		{F1F0AC25-686B-4327-814D-A30A3B427BF7}.Ad-Hoc|x86.ActiveCfg = Debug|Any CPU
		{F1F0AC25-686B-4327-814D-A30A3B427BF7}.Ad-Hoc|x86.Build.0 = Debug|Any CPU
		{F1F0AC25-686B-4327-814D-A30A3B427BF7}.Ad-Hoc|x86.Deploy.0 = Debug|Any CPU
		{F1F0AC25-686B-4327-814D-A30A3B427BF7}.AppStore|Any CPU.ActiveCfg = Debug|Any CPU
		{F1F0AC25-686B-4327-814D-A30A3B427BF7}.AppStore|Any CPU.Build.0 = Debug|Any CPU
		{F1F0AC25-686B-4327-814D-A30A3B427BF7}.AppStore|Any CPU.Deploy.0 = Debug|Any CPU
		{F1F0AC25-686B-4327-814D-A30A3B427BF7}.AppStore|ARM.ActiveCfg = Debug|Any CPU
		{F1F0AC25-686B-4327-814D-A30A3B427BF7}.AppStore|ARM.Build.0 = Debug|Any CPU
		{F1F0AC25-686B-4327-814D-A30A3B427BF7}.AppStore|ARM.Deploy.0 = Debug|Any CPU
		{F1F0AC25-686B-4327-814D-A30A3B427BF7}.AppStore|ARM64.ActiveCfg = Debug|Any CPU
		{F1F0AC25-686B-4327-814D-A30A3B427BF7}.AppStore|ARM64.Build.0 = Debug|Any CPU
		{F1F0AC25-686B-4327-814D-A30A3B427BF7}.AppStore|ARM64.Deploy.0 = Debug|Any CPU
		{F1F0AC25-686B-4327-814D-A30A3B427BF7}.AppStore|iPhone.ActiveCfg = Debug|Any CPU
		{F1F0AC25-686B-4327-814D-A30A3B427BF7}.AppStore|iPhone.Build.0 = Debug|Any CPU
		{F1F0AC25-686B-4327-814D-A30A3B427BF7}.AppStore|iPhone.Deploy.0 = Debug|Any CPU
		{F1F0AC25-686B-4327-814D-A30A3B427BF7}.AppStore|iPhoneSimulator.ActiveCfg = Debug|Any CPU
		{F1F0AC25-686B-4327-814D-A30A3B427BF7}.AppStore|iPhoneSimulator.Build.0 = Debug|Any CPU
		{F1F0AC25-686B-4327-814D-A30A3B427BF7}.AppStore|iPhoneSimulator.Deploy.0 = Debug|Any CPU
		{F1F0AC25-686B-4327-814D-A30A3B427BF7}.AppStore|x64.ActiveCfg = Debug|Any CPU
		{F1F0AC25-686B-4327-814D-A30A3B427BF7}.AppStore|x64.Build.0 = Debug|Any CPU
		{F1F0AC25-686B-4327-814D-A30A3B427BF7}.AppStore|x64.Deploy.0 = Debug|Any CPU
		{F1F0AC25-686B-4327-814D-A30A3B427BF7}.AppStore|x86.ActiveCfg = Debug|Any CPU
		{F1F0AC25-686B-4327-814D-A30A3B427BF7}.AppStore|x86.Build.0 = Debug|Any CPU
		{F1F0AC25-686B-4327-814D-A30A3B427BF7}.AppStore|x86.Deploy.0 = Debug|Any CPU
		{F1F0AC25-686B-4327-814D-A30A3B427BF7}.Debug|Any CPU.ActiveCfg = Debug|Any CPU
		{F1F0AC25-686B-4327-814D-A30A3B427BF7}.Debug|Any CPU.Build.0 = Debug|Any CPU
		{F1F0AC25-686B-4327-814D-A30A3B427BF7}.Debug|Any CPU.Deploy.0 = Debug|Any CPU
		{F1F0AC25-686B-4327-814D-A30A3B427BF7}.Debug|ARM.ActiveCfg = Debug|Any CPU
		{F1F0AC25-686B-4327-814D-A30A3B427BF7}.Debug|ARM.Build.0 = Debug|Any CPU
		{F1F0AC25-686B-4327-814D-A30A3B427BF7}.Debug|ARM.Deploy.0 = Debug|Any CPU
		{F1F0AC25-686B-4327-814D-A30A3B427BF7}.Debug|ARM64.ActiveCfg = Debug|Any CPU
		{F1F0AC25-686B-4327-814D-A30A3B427BF7}.Debug|ARM64.Build.0 = Debug|Any CPU
		{F1F0AC25-686B-4327-814D-A30A3B427BF7}.Debug|ARM64.Deploy.0 = Debug|Any CPU
		{F1F0AC25-686B-4327-814D-A30A3B427BF7}.Debug|iPhone.ActiveCfg = Debug|Any CPU
		{F1F0AC25-686B-4327-814D-A30A3B427BF7}.Debug|iPhone.Build.0 = Debug|Any CPU
		{F1F0AC25-686B-4327-814D-A30A3B427BF7}.Debug|iPhone.Deploy.0 = Debug|Any CPU
		{F1F0AC25-686B-4327-814D-A30A3B427BF7}.Debug|iPhoneSimulator.ActiveCfg = Debug|Any CPU
		{F1F0AC25-686B-4327-814D-A30A3B427BF7}.Debug|iPhoneSimulator.Build.0 = Debug|Any CPU
		{F1F0AC25-686B-4327-814D-A30A3B427BF7}.Debug|iPhoneSimulator.Deploy.0 = Debug|Any CPU
		{F1F0AC25-686B-4327-814D-A30A3B427BF7}.Debug|x64.ActiveCfg = Debug|Any CPU
		{F1F0AC25-686B-4327-814D-A30A3B427BF7}.Debug|x64.Build.0 = Debug|Any CPU
		{F1F0AC25-686B-4327-814D-A30A3B427BF7}.Debug|x64.Deploy.0 = Debug|Any CPU
		{F1F0AC25-686B-4327-814D-A30A3B427BF7}.Debug|x86.ActiveCfg = Debug|Any CPU
		{F1F0AC25-686B-4327-814D-A30A3B427BF7}.Debug|x86.Build.0 = Debug|Any CPU
		{F1F0AC25-686B-4327-814D-A30A3B427BF7}.Debug|x86.Deploy.0 = Debug|Any CPU
		{F1F0AC25-686B-4327-814D-A30A3B427BF7}.Release|Any CPU.ActiveCfg = Release|Any CPU
		{F1F0AC25-686B-4327-814D-A30A3B427BF7}.Release|Any CPU.Build.0 = Release|Any CPU
		{F1F0AC25-686B-4327-814D-A30A3B427BF7}.Release|Any CPU.Deploy.0 = Release|Any CPU
		{F1F0AC25-686B-4327-814D-A30A3B427BF7}.Release|ARM.ActiveCfg = Release|Any CPU
		{F1F0AC25-686B-4327-814D-A30A3B427BF7}.Release|ARM.Build.0 = Release|Any CPU
		{F1F0AC25-686B-4327-814D-A30A3B427BF7}.Release|ARM.Deploy.0 = Release|Any CPU
		{F1F0AC25-686B-4327-814D-A30A3B427BF7}.Release|ARM64.ActiveCfg = Release|Any CPU
		{F1F0AC25-686B-4327-814D-A30A3B427BF7}.Release|ARM64.Build.0 = Release|Any CPU
		{F1F0AC25-686B-4327-814D-A30A3B427BF7}.Release|ARM64.Deploy.0 = Release|Any CPU
		{F1F0AC25-686B-4327-814D-A30A3B427BF7}.Release|iPhone.ActiveCfg = Release|Any CPU
		{F1F0AC25-686B-4327-814D-A30A3B427BF7}.Release|iPhone.Build.0 = Release|Any CPU
		{F1F0AC25-686B-4327-814D-A30A3B427BF7}.Release|iPhone.Deploy.0 = Release|Any CPU
		{F1F0AC25-686B-4327-814D-A30A3B427BF7}.Release|iPhoneSimulator.ActiveCfg = Release|Any CPU
		{F1F0AC25-686B-4327-814D-A30A3B427BF7}.Release|iPhoneSimulator.Build.0 = Release|Any CPU
		{F1F0AC25-686B-4327-814D-A30A3B427BF7}.Release|iPhoneSimulator.Deploy.0 = Release|Any CPU
		{F1F0AC25-686B-4327-814D-A30A3B427BF7}.Release|x64.ActiveCfg = Release|Any CPU
		{F1F0AC25-686B-4327-814D-A30A3B427BF7}.Release|x64.Build.0 = Release|Any CPU
		{F1F0AC25-686B-4327-814D-A30A3B427BF7}.Release|x64.Deploy.0 = Release|Any CPU
		{F1F0AC25-686B-4327-814D-A30A3B427BF7}.Release|x86.ActiveCfg = Release|Any CPU
		{F1F0AC25-686B-4327-814D-A30A3B427BF7}.Release|x86.Build.0 = Release|Any CPU
		{F1F0AC25-686B-4327-814D-A30A3B427BF7}.Release|x86.Deploy.0 = Release|Any CPU
		{EFCB10D7-30CF-474D-9EBA-03E5B5F450E3}.Ad-Hoc|Any CPU.ActiveCfg = Ad-Hoc|iPhoneSimulator
		{EFCB10D7-30CF-474D-9EBA-03E5B5F450E3}.Ad-Hoc|ARM.ActiveCfg = Ad-Hoc|iPhoneSimulator
		{EFCB10D7-30CF-474D-9EBA-03E5B5F450E3}.Ad-Hoc|ARM64.ActiveCfg = Ad-Hoc|iPhoneSimulator
		{EFCB10D7-30CF-474D-9EBA-03E5B5F450E3}.Ad-Hoc|iPhone.ActiveCfg = Ad-Hoc|iPhone
		{EFCB10D7-30CF-474D-9EBA-03E5B5F450E3}.Ad-Hoc|iPhone.Build.0 = Ad-Hoc|iPhone
		{EFCB10D7-30CF-474D-9EBA-03E5B5F450E3}.Ad-Hoc|iPhoneSimulator.ActiveCfg = Ad-Hoc|iPhoneSimulator
		{EFCB10D7-30CF-474D-9EBA-03E5B5F450E3}.Ad-Hoc|iPhoneSimulator.Build.0 = Ad-Hoc|iPhoneSimulator
		{EFCB10D7-30CF-474D-9EBA-03E5B5F450E3}.Ad-Hoc|x64.ActiveCfg = Ad-Hoc|iPhoneSimulator
		{EFCB10D7-30CF-474D-9EBA-03E5B5F450E3}.Ad-Hoc|x86.ActiveCfg = Ad-Hoc|iPhoneSimulator
		{EFCB10D7-30CF-474D-9EBA-03E5B5F450E3}.AppStore|Any CPU.ActiveCfg = AppStore|iPhoneSimulator
		{EFCB10D7-30CF-474D-9EBA-03E5B5F450E3}.AppStore|ARM.ActiveCfg = AppStore|iPhoneSimulator
		{EFCB10D7-30CF-474D-9EBA-03E5B5F450E3}.AppStore|ARM64.ActiveCfg = AppStore|iPhoneSimulator
		{EFCB10D7-30CF-474D-9EBA-03E5B5F450E3}.AppStore|iPhone.ActiveCfg = AppStore|iPhone
		{EFCB10D7-30CF-474D-9EBA-03E5B5F450E3}.AppStore|iPhone.Build.0 = AppStore|iPhone
		{EFCB10D7-30CF-474D-9EBA-03E5B5F450E3}.AppStore|iPhoneSimulator.ActiveCfg = AppStore|iPhoneSimulator
		{EFCB10D7-30CF-474D-9EBA-03E5B5F450E3}.AppStore|iPhoneSimulator.Build.0 = AppStore|iPhoneSimulator
		{EFCB10D7-30CF-474D-9EBA-03E5B5F450E3}.AppStore|x64.ActiveCfg = AppStore|iPhoneSimulator
		{EFCB10D7-30CF-474D-9EBA-03E5B5F450E3}.AppStore|x86.ActiveCfg = AppStore|iPhoneSimulator
		{EFCB10D7-30CF-474D-9EBA-03E5B5F450E3}.Debug|Any CPU.ActiveCfg = Debug|iPhoneSimulator
		{EFCB10D7-30CF-474D-9EBA-03E5B5F450E3}.Debug|ARM.ActiveCfg = Debug|iPhoneSimulator
		{EFCB10D7-30CF-474D-9EBA-03E5B5F450E3}.Debug|ARM64.ActiveCfg = Debug|iPhoneSimulator
		{EFCB10D7-30CF-474D-9EBA-03E5B5F450E3}.Debug|iPhone.ActiveCfg = Debug|iPhone
		{EFCB10D7-30CF-474D-9EBA-03E5B5F450E3}.Debug|iPhone.Build.0 = Debug|iPhone
		{EFCB10D7-30CF-474D-9EBA-03E5B5F450E3}.Debug|iPhoneSimulator.ActiveCfg = Debug|iPhoneSimulator
		{EFCB10D7-30CF-474D-9EBA-03E5B5F450E3}.Debug|iPhoneSimulator.Build.0 = Debug|iPhoneSimulator
		{EFCB10D7-30CF-474D-9EBA-03E5B5F450E3}.Debug|x64.ActiveCfg = Debug|iPhoneSimulator
		{EFCB10D7-30CF-474D-9EBA-03E5B5F450E3}.Debug|x86.ActiveCfg = Debug|iPhoneSimulator
		{EFCB10D7-30CF-474D-9EBA-03E5B5F450E3}.Release|Any CPU.ActiveCfg = Release|iPhoneSimulator
		{EFCB10D7-30CF-474D-9EBA-03E5B5F450E3}.Release|ARM.ActiveCfg = Release|iPhoneSimulator
		{EFCB10D7-30CF-474D-9EBA-03E5B5F450E3}.Release|ARM64.ActiveCfg = Release|iPhoneSimulator
		{EFCB10D7-30CF-474D-9EBA-03E5B5F450E3}.Release|iPhone.ActiveCfg = Release|iPhone
		{EFCB10D7-30CF-474D-9EBA-03E5B5F450E3}.Release|iPhone.Build.0 = Release|iPhone
		{EFCB10D7-30CF-474D-9EBA-03E5B5F450E3}.Release|iPhoneSimulator.ActiveCfg = Release|iPhoneSimulator
		{EFCB10D7-30CF-474D-9EBA-03E5B5F450E3}.Release|iPhoneSimulator.Build.0 = Release|iPhoneSimulator
		{EFCB10D7-30CF-474D-9EBA-03E5B5F450E3}.Release|x64.ActiveCfg = Release|iPhoneSimulator
		{EFCB10D7-30CF-474D-9EBA-03E5B5F450E3}.Release|x86.ActiveCfg = Release|iPhoneSimulator
		{FC99E8A2-FCFC-47CB-8AC6-EFA5B7A05895}.Ad-Hoc|Any CPU.ActiveCfg = Debug|x86
		{FC99E8A2-FCFC-47CB-8AC6-EFA5B7A05895}.Ad-Hoc|Any CPU.Build.0 = Debug|x86
		{FC99E8A2-FCFC-47CB-8AC6-EFA5B7A05895}.Ad-Hoc|Any CPU.Deploy.0 = Debug|x86
		{FC99E8A2-FCFC-47CB-8AC6-EFA5B7A05895}.Ad-Hoc|ARM.ActiveCfg = Debug|ARM
		{FC99E8A2-FCFC-47CB-8AC6-EFA5B7A05895}.Ad-Hoc|ARM.Build.0 = Debug|ARM
		{FC99E8A2-FCFC-47CB-8AC6-EFA5B7A05895}.Ad-Hoc|ARM.Deploy.0 = Debug|ARM
		{FC99E8A2-FCFC-47CB-8AC6-EFA5B7A05895}.Ad-Hoc|ARM64.ActiveCfg = Debug|ARM64
		{FC99E8A2-FCFC-47CB-8AC6-EFA5B7A05895}.Ad-Hoc|ARM64.Build.0 = Debug|ARM64
		{FC99E8A2-FCFC-47CB-8AC6-EFA5B7A05895}.Ad-Hoc|ARM64.Deploy.0 = Debug|ARM64
		{FC99E8A2-FCFC-47CB-8AC6-EFA5B7A05895}.Ad-Hoc|iPhone.ActiveCfg = Debug|x86
		{FC99E8A2-FCFC-47CB-8AC6-EFA5B7A05895}.Ad-Hoc|iPhone.Build.0 = Debug|x86
		{FC99E8A2-FCFC-47CB-8AC6-EFA5B7A05895}.Ad-Hoc|iPhone.Deploy.0 = Debug|x86
		{FC99E8A2-FCFC-47CB-8AC6-EFA5B7A05895}.Ad-Hoc|iPhoneSimulator.ActiveCfg = Debug|x86
		{FC99E8A2-FCFC-47CB-8AC6-EFA5B7A05895}.Ad-Hoc|iPhoneSimulator.Build.0 = Debug|x86
		{FC99E8A2-FCFC-47CB-8AC6-EFA5B7A05895}.Ad-Hoc|iPhoneSimulator.Deploy.0 = Debug|x86
		{FC99E8A2-FCFC-47CB-8AC6-EFA5B7A05895}.Ad-Hoc|x64.ActiveCfg = Debug|x64
		{FC99E8A2-FCFC-47CB-8AC6-EFA5B7A05895}.Ad-Hoc|x64.Build.0 = Debug|x64
		{FC99E8A2-FCFC-47CB-8AC6-EFA5B7A05895}.Ad-Hoc|x64.Deploy.0 = Debug|x64
		{FC99E8A2-FCFC-47CB-8AC6-EFA5B7A05895}.Ad-Hoc|x86.ActiveCfg = Debug|x86
		{FC99E8A2-FCFC-47CB-8AC6-EFA5B7A05895}.Ad-Hoc|x86.Build.0 = Debug|x86
		{FC99E8A2-FCFC-47CB-8AC6-EFA5B7A05895}.Ad-Hoc|x86.Deploy.0 = Debug|x86
		{FC99E8A2-FCFC-47CB-8AC6-EFA5B7A05895}.AppStore|Any CPU.ActiveCfg = Debug|x86
		{FC99E8A2-FCFC-47CB-8AC6-EFA5B7A05895}.AppStore|Any CPU.Build.0 = Debug|x86
		{FC99E8A2-FCFC-47CB-8AC6-EFA5B7A05895}.AppStore|Any CPU.Deploy.0 = Debug|x86
		{FC99E8A2-FCFC-47CB-8AC6-EFA5B7A05895}.AppStore|ARM.ActiveCfg = Debug|ARM
		{FC99E8A2-FCFC-47CB-8AC6-EFA5B7A05895}.AppStore|ARM.Build.0 = Debug|ARM
		{FC99E8A2-FCFC-47CB-8AC6-EFA5B7A05895}.AppStore|ARM.Deploy.0 = Debug|ARM
		{FC99E8A2-FCFC-47CB-8AC6-EFA5B7A05895}.AppStore|ARM64.ActiveCfg = Debug|ARM64
		{FC99E8A2-FCFC-47CB-8AC6-EFA5B7A05895}.AppStore|ARM64.Build.0 = Debug|ARM64
		{FC99E8A2-FCFC-47CB-8AC6-EFA5B7A05895}.AppStore|ARM64.Deploy.0 = Debug|ARM64
		{FC99E8A2-FCFC-47CB-8AC6-EFA5B7A05895}.AppStore|iPhone.ActiveCfg = Debug|x86
		{FC99E8A2-FCFC-47CB-8AC6-EFA5B7A05895}.AppStore|iPhone.Build.0 = Debug|x86
		{FC99E8A2-FCFC-47CB-8AC6-EFA5B7A05895}.AppStore|iPhone.Deploy.0 = Debug|x86
		{FC99E8A2-FCFC-47CB-8AC6-EFA5B7A05895}.AppStore|iPhoneSimulator.ActiveCfg = Debug|x86
		{FC99E8A2-FCFC-47CB-8AC6-EFA5B7A05895}.AppStore|iPhoneSimulator.Build.0 = Debug|x86
		{FC99E8A2-FCFC-47CB-8AC6-EFA5B7A05895}.AppStore|iPhoneSimulator.Deploy.0 = Debug|x86
		{FC99E8A2-FCFC-47CB-8AC6-EFA5B7A05895}.AppStore|x64.ActiveCfg = Debug|x64
		{FC99E8A2-FCFC-47CB-8AC6-EFA5B7A05895}.AppStore|x64.Build.0 = Debug|x64
		{FC99E8A2-FCFC-47CB-8AC6-EFA5B7A05895}.AppStore|x64.Deploy.0 = Debug|x64
		{FC99E8A2-FCFC-47CB-8AC6-EFA5B7A05895}.AppStore|x86.ActiveCfg = Debug|x86
		{FC99E8A2-FCFC-47CB-8AC6-EFA5B7A05895}.AppStore|x86.Build.0 = Debug|x86
		{FC99E8A2-FCFC-47CB-8AC6-EFA5B7A05895}.AppStore|x86.Deploy.0 = Debug|x86
		{FC99E8A2-FCFC-47CB-8AC6-EFA5B7A05895}.Debug|Any CPU.ActiveCfg = Debug|x86
		{FC99E8A2-FCFC-47CB-8AC6-EFA5B7A05895}.Debug|Any CPU.Build.0 = Debug|x86
		{FC99E8A2-FCFC-47CB-8AC6-EFA5B7A05895}.Debug|Any CPU.Deploy.0 = Debug|x86
		{FC99E8A2-FCFC-47CB-8AC6-EFA5B7A05895}.Debug|ARM.ActiveCfg = Debug|ARM
		{FC99E8A2-FCFC-47CB-8AC6-EFA5B7A05895}.Debug|ARM.Build.0 = Debug|ARM
		{FC99E8A2-FCFC-47CB-8AC6-EFA5B7A05895}.Debug|ARM.Deploy.0 = Debug|ARM
		{FC99E8A2-FCFC-47CB-8AC6-EFA5B7A05895}.Debug|ARM64.ActiveCfg = Debug|ARM64
		{FC99E8A2-FCFC-47CB-8AC6-EFA5B7A05895}.Debug|ARM64.Build.0 = Debug|ARM64
		{FC99E8A2-FCFC-47CB-8AC6-EFA5B7A05895}.Debug|ARM64.Deploy.0 = Debug|ARM64
		{FC99E8A2-FCFC-47CB-8AC6-EFA5B7A05895}.Debug|iPhone.ActiveCfg = Debug|x86
		{FC99E8A2-FCFC-47CB-8AC6-EFA5B7A05895}.Debug|iPhoneSimulator.ActiveCfg = Debug|x86
		{FC99E8A2-FCFC-47CB-8AC6-EFA5B7A05895}.Debug|x64.ActiveCfg = Debug|x64
		{FC99E8A2-FCFC-47CB-8AC6-EFA5B7A05895}.Debug|x64.Build.0 = Debug|x64
		{FC99E8A2-FCFC-47CB-8AC6-EFA5B7A05895}.Debug|x64.Deploy.0 = Debug|x64
		{FC99E8A2-FCFC-47CB-8AC6-EFA5B7A05895}.Debug|x86.ActiveCfg = Debug|x86
		{FC99E8A2-FCFC-47CB-8AC6-EFA5B7A05895}.Debug|x86.Build.0 = Debug|x86
		{FC99E8A2-FCFC-47CB-8AC6-EFA5B7A05895}.Debug|x86.Deploy.0 = Debug|x86
		{FC99E8A2-FCFC-47CB-8AC6-EFA5B7A05895}.Release|Any CPU.ActiveCfg = Release|x86
		{FC99E8A2-FCFC-47CB-8AC6-EFA5B7A05895}.Release|ARM.ActiveCfg = Release|ARM
		{FC99E8A2-FCFC-47CB-8AC6-EFA5B7A05895}.Release|ARM.Build.0 = Release|ARM
		{FC99E8A2-FCFC-47CB-8AC6-EFA5B7A05895}.Release|ARM.Deploy.0 = Release|ARM
		{FC99E8A2-FCFC-47CB-8AC6-EFA5B7A05895}.Release|ARM64.ActiveCfg = Release|ARM64
		{FC99E8A2-FCFC-47CB-8AC6-EFA5B7A05895}.Release|ARM64.Build.0 = Release|ARM64
		{FC99E8A2-FCFC-47CB-8AC6-EFA5B7A05895}.Release|ARM64.Deploy.0 = Release|ARM64
		{FC99E8A2-FCFC-47CB-8AC6-EFA5B7A05895}.Release|iPhone.ActiveCfg = Release|x86
		{FC99E8A2-FCFC-47CB-8AC6-EFA5B7A05895}.Release|iPhoneSimulator.ActiveCfg = Release|x86
		{FC99E8A2-FCFC-47CB-8AC6-EFA5B7A05895}.Release|x64.ActiveCfg = Release|x64
		{FC99E8A2-FCFC-47CB-8AC6-EFA5B7A05895}.Release|x64.Build.0 = Release|x64
		{FC99E8A2-FCFC-47CB-8AC6-EFA5B7A05895}.Release|x64.Deploy.0 = Release|x64
		{FC99E8A2-FCFC-47CB-8AC6-EFA5B7A05895}.Release|x86.ActiveCfg = Release|x86
		{FC99E8A2-FCFC-47CB-8AC6-EFA5B7A05895}.Release|x86.Build.0 = Release|x86
		{FC99E8A2-FCFC-47CB-8AC6-EFA5B7A05895}.Release|x86.Deploy.0 = Release|x86
		{D463750A-D714-411B-A9C6-D72B9B0378C6}.Ad-Hoc|Any CPU.ActiveCfg = Debug|Any CPU
		{D463750A-D714-411B-A9C6-D72B9B0378C6}.Ad-Hoc|Any CPU.Build.0 = Debug|Any CPU
		{D463750A-D714-411B-A9C6-D72B9B0378C6}.Ad-Hoc|ARM.ActiveCfg = Debug|Any CPU
		{D463750A-D714-411B-A9C6-D72B9B0378C6}.Ad-Hoc|ARM.Build.0 = Debug|Any CPU
		{D463750A-D714-411B-A9C6-D72B9B0378C6}.Ad-Hoc|ARM64.ActiveCfg = Debug|Any CPU
		{D463750A-D714-411B-A9C6-D72B9B0378C6}.Ad-Hoc|ARM64.Build.0 = Debug|Any CPU
		{D463750A-D714-411B-A9C6-D72B9B0378C6}.Ad-Hoc|iPhone.ActiveCfg = Debug|Any CPU
		{D463750A-D714-411B-A9C6-D72B9B0378C6}.Ad-Hoc|iPhone.Build.0 = Debug|Any CPU
		{D463750A-D714-411B-A9C6-D72B9B0378C6}.Ad-Hoc|iPhoneSimulator.ActiveCfg = Debug|Any CPU
		{D463750A-D714-411B-A9C6-D72B9B0378C6}.Ad-Hoc|iPhoneSimulator.Build.0 = Debug|Any CPU
		{D463750A-D714-411B-A9C6-D72B9B0378C6}.Ad-Hoc|x64.ActiveCfg = Debug|Any CPU
		{D463750A-D714-411B-A9C6-D72B9B0378C6}.Ad-Hoc|x64.Build.0 = Debug|Any CPU
		{D463750A-D714-411B-A9C6-D72B9B0378C6}.Ad-Hoc|x86.ActiveCfg = Debug|Any CPU
		{D463750A-D714-411B-A9C6-D72B9B0378C6}.Ad-Hoc|x86.Build.0 = Debug|Any CPU
		{D463750A-D714-411B-A9C6-D72B9B0378C6}.AppStore|Any CPU.ActiveCfg = Debug|Any CPU
		{D463750A-D714-411B-A9C6-D72B9B0378C6}.AppStore|Any CPU.Build.0 = Debug|Any CPU
		{D463750A-D714-411B-A9C6-D72B9B0378C6}.AppStore|ARM.ActiveCfg = Debug|Any CPU
		{D463750A-D714-411B-A9C6-D72B9B0378C6}.AppStore|ARM.Build.0 = Debug|Any CPU
		{D463750A-D714-411B-A9C6-D72B9B0378C6}.AppStore|ARM64.ActiveCfg = Debug|Any CPU
		{D463750A-D714-411B-A9C6-D72B9B0378C6}.AppStore|ARM64.Build.0 = Debug|Any CPU
		{D463750A-D714-411B-A9C6-D72B9B0378C6}.AppStore|iPhone.ActiveCfg = Debug|Any CPU
		{D463750A-D714-411B-A9C6-D72B9B0378C6}.AppStore|iPhone.Build.0 = Debug|Any CPU
		{D463750A-D714-411B-A9C6-D72B9B0378C6}.AppStore|iPhoneSimulator.ActiveCfg = Debug|Any CPU
		{D463750A-D714-411B-A9C6-D72B9B0378C6}.AppStore|iPhoneSimulator.Build.0 = Debug|Any CPU
		{D463750A-D714-411B-A9C6-D72B9B0378C6}.AppStore|x64.ActiveCfg = Debug|Any CPU
		{D463750A-D714-411B-A9C6-D72B9B0378C6}.AppStore|x64.Build.0 = Debug|Any CPU
		{D463750A-D714-411B-A9C6-D72B9B0378C6}.AppStore|x86.ActiveCfg = Debug|Any CPU
		{D463750A-D714-411B-A9C6-D72B9B0378C6}.AppStore|x86.Build.0 = Debug|Any CPU
		{D463750A-D714-411B-A9C6-D72B9B0378C6}.Debug|Any CPU.ActiveCfg = Debug|Any CPU
		{D463750A-D714-411B-A9C6-D72B9B0378C6}.Debug|Any CPU.Build.0 = Debug|Any CPU
		{D463750A-D714-411B-A9C6-D72B9B0378C6}.Debug|ARM.ActiveCfg = Debug|Any CPU
		{D463750A-D714-411B-A9C6-D72B9B0378C6}.Debug|ARM.Build.0 = Debug|Any CPU
		{D463750A-D714-411B-A9C6-D72B9B0378C6}.Debug|ARM64.ActiveCfg = Debug|Any CPU
		{D463750A-D714-411B-A9C6-D72B9B0378C6}.Debug|ARM64.Build.0 = Debug|Any CPU
		{D463750A-D714-411B-A9C6-D72B9B0378C6}.Debug|iPhone.ActiveCfg = Debug|Any CPU
		{D463750A-D714-411B-A9C6-D72B9B0378C6}.Debug|iPhone.Build.0 = Debug|Any CPU
		{D463750A-D714-411B-A9C6-D72B9B0378C6}.Debug|iPhoneSimulator.ActiveCfg = Debug|Any CPU
		{D463750A-D714-411B-A9C6-D72B9B0378C6}.Debug|iPhoneSimulator.Build.0 = Debug|Any CPU
		{D463750A-D714-411B-A9C6-D72B9B0378C6}.Debug|x64.ActiveCfg = Debug|Any CPU
		{D463750A-D714-411B-A9C6-D72B9B0378C6}.Debug|x64.Build.0 = Debug|Any CPU
		{D463750A-D714-411B-A9C6-D72B9B0378C6}.Debug|x86.ActiveCfg = Debug|Any CPU
		{D463750A-D714-411B-A9C6-D72B9B0378C6}.Debug|x86.Build.0 = Debug|Any CPU
		{D463750A-D714-411B-A9C6-D72B9B0378C6}.Release|Any CPU.ActiveCfg = Release|Any CPU
		{D463750A-D714-411B-A9C6-D72B9B0378C6}.Release|Any CPU.Build.0 = Release|Any CPU
		{D463750A-D714-411B-A9C6-D72B9B0378C6}.Release|ARM.ActiveCfg = Release|Any CPU
		{D463750A-D714-411B-A9C6-D72B9B0378C6}.Release|ARM.Build.0 = Release|Any CPU
		{D463750A-D714-411B-A9C6-D72B9B0378C6}.Release|ARM64.ActiveCfg = Release|Any CPU
		{D463750A-D714-411B-A9C6-D72B9B0378C6}.Release|ARM64.Build.0 = Release|Any CPU
		{D463750A-D714-411B-A9C6-D72B9B0378C6}.Release|iPhone.ActiveCfg = Release|Any CPU
		{D463750A-D714-411B-A9C6-D72B9B0378C6}.Release|iPhone.Build.0 = Release|Any CPU
		{D463750A-D714-411B-A9C6-D72B9B0378C6}.Release|iPhoneSimulator.ActiveCfg = Release|Any CPU
		{D463750A-D714-411B-A9C6-D72B9B0378C6}.Release|iPhoneSimulator.Build.0 = Release|Any CPU
		{D463750A-D714-411B-A9C6-D72B9B0378C6}.Release|x64.ActiveCfg = Release|Any CPU
		{D463750A-D714-411B-A9C6-D72B9B0378C6}.Release|x64.Build.0 = Release|Any CPU
		{D463750A-D714-411B-A9C6-D72B9B0378C6}.Release|x86.ActiveCfg = Release|Any CPU
		{D463750A-D714-411B-A9C6-D72B9B0378C6}.Release|x86.Build.0 = Release|Any CPU
		{9BEF26DD-B82E-4222-9743-89DCEE8BD5EA}.Ad-Hoc|Any CPU.ActiveCfg = Debug|iPhoneSimulator
		{9BEF26DD-B82E-4222-9743-89DCEE8BD5EA}.Ad-Hoc|Any CPU.Build.0 = Debug|iPhoneSimulator
		{9BEF26DD-B82E-4222-9743-89DCEE8BD5EA}.Ad-Hoc|ARM.ActiveCfg = Debug|iPhoneSimulator
		{9BEF26DD-B82E-4222-9743-89DCEE8BD5EA}.Ad-Hoc|ARM.Build.0 = Debug|iPhoneSimulator
		{9BEF26DD-B82E-4222-9743-89DCEE8BD5EA}.Ad-Hoc|ARM64.ActiveCfg = Debug|iPhoneSimulator
		{9BEF26DD-B82E-4222-9743-89DCEE8BD5EA}.Ad-Hoc|ARM64.Build.0 = Debug|iPhoneSimulator
		{9BEF26DD-B82E-4222-9743-89DCEE8BD5EA}.Ad-Hoc|iPhone.ActiveCfg = Debug|iPhoneSimulator
		{9BEF26DD-B82E-4222-9743-89DCEE8BD5EA}.Ad-Hoc|iPhone.Build.0 = Debug|iPhoneSimulator
		{9BEF26DD-B82E-4222-9743-89DCEE8BD5EA}.Ad-Hoc|iPhoneSimulator.ActiveCfg = Debug|iPhoneSimulator
		{9BEF26DD-B82E-4222-9743-89DCEE8BD5EA}.Ad-Hoc|iPhoneSimulator.Build.0 = Debug|iPhoneSimulator
		{9BEF26DD-B82E-4222-9743-89DCEE8BD5EA}.Ad-Hoc|x64.ActiveCfg = Debug|iPhoneSimulator
		{9BEF26DD-B82E-4222-9743-89DCEE8BD5EA}.Ad-Hoc|x64.Build.0 = Debug|iPhoneSimulator
		{9BEF26DD-B82E-4222-9743-89DCEE8BD5EA}.Ad-Hoc|x86.ActiveCfg = Debug|iPhoneSimulator
		{9BEF26DD-B82E-4222-9743-89DCEE8BD5EA}.Ad-Hoc|x86.Build.0 = Debug|iPhoneSimulator
		{9BEF26DD-B82E-4222-9743-89DCEE8BD5EA}.AppStore|Any CPU.ActiveCfg = Debug|iPhoneSimulator
		{9BEF26DD-B82E-4222-9743-89DCEE8BD5EA}.AppStore|Any CPU.Build.0 = Debug|iPhoneSimulator
		{9BEF26DD-B82E-4222-9743-89DCEE8BD5EA}.AppStore|ARM.ActiveCfg = Debug|iPhoneSimulator
		{9BEF26DD-B82E-4222-9743-89DCEE8BD5EA}.AppStore|ARM.Build.0 = Debug|iPhoneSimulator
		{9BEF26DD-B82E-4222-9743-89DCEE8BD5EA}.AppStore|ARM64.ActiveCfg = Debug|iPhoneSimulator
		{9BEF26DD-B82E-4222-9743-89DCEE8BD5EA}.AppStore|ARM64.Build.0 = Debug|iPhoneSimulator
		{9BEF26DD-B82E-4222-9743-89DCEE8BD5EA}.AppStore|iPhone.ActiveCfg = Debug|iPhoneSimulator
		{9BEF26DD-B82E-4222-9743-89DCEE8BD5EA}.AppStore|iPhone.Build.0 = Debug|iPhoneSimulator
		{9BEF26DD-B82E-4222-9743-89DCEE8BD5EA}.AppStore|iPhoneSimulator.ActiveCfg = Debug|iPhoneSimulator
		{9BEF26DD-B82E-4222-9743-89DCEE8BD5EA}.AppStore|iPhoneSimulator.Build.0 = Debug|iPhoneSimulator
		{9BEF26DD-B82E-4222-9743-89DCEE8BD5EA}.AppStore|x64.ActiveCfg = Debug|iPhoneSimulator
		{9BEF26DD-B82E-4222-9743-89DCEE8BD5EA}.AppStore|x64.Build.0 = Debug|iPhoneSimulator
		{9BEF26DD-B82E-4222-9743-89DCEE8BD5EA}.AppStore|x86.ActiveCfg = Debug|iPhoneSimulator
		{9BEF26DD-B82E-4222-9743-89DCEE8BD5EA}.AppStore|x86.Build.0 = Debug|iPhoneSimulator
		{9BEF26DD-B82E-4222-9743-89DCEE8BD5EA}.Debug|Any CPU.ActiveCfg = Debug|iPhoneSimulator
		{9BEF26DD-B82E-4222-9743-89DCEE8BD5EA}.Debug|ARM.ActiveCfg = Debug|iPhoneSimulator
		{9BEF26DD-B82E-4222-9743-89DCEE8BD5EA}.Debug|ARM64.ActiveCfg = Debug|iPhoneSimulator
		{9BEF26DD-B82E-4222-9743-89DCEE8BD5EA}.Debug|iPhone.ActiveCfg = Debug|iPhoneSimulator
		{9BEF26DD-B82E-4222-9743-89DCEE8BD5EA}.Debug|iPhoneSimulator.ActiveCfg = Debug|iPhoneSimulator
		{9BEF26DD-B82E-4222-9743-89DCEE8BD5EA}.Debug|iPhoneSimulator.Build.0 = Debug|iPhoneSimulator
		{9BEF26DD-B82E-4222-9743-89DCEE8BD5EA}.Debug|x64.ActiveCfg = Debug|iPhoneSimulator
		{9BEF26DD-B82E-4222-9743-89DCEE8BD5EA}.Debug|x86.ActiveCfg = Debug|iPhoneSimulator
		{9BEF26DD-B82E-4222-9743-89DCEE8BD5EA}.Release|Any CPU.ActiveCfg = Release|iPhoneSimulator
		{9BEF26DD-B82E-4222-9743-89DCEE8BD5EA}.Release|ARM.ActiveCfg = Release|iPhoneSimulator
		{9BEF26DD-B82E-4222-9743-89DCEE8BD5EA}.Release|ARM64.ActiveCfg = Release|iPhoneSimulator
		{9BEF26DD-B82E-4222-9743-89DCEE8BD5EA}.Release|iPhone.ActiveCfg = Release|iPhoneSimulator
		{9BEF26DD-B82E-4222-9743-89DCEE8BD5EA}.Release|iPhoneSimulator.ActiveCfg = Release|iPhoneSimulator
		{9BEF26DD-B82E-4222-9743-89DCEE8BD5EA}.Release|iPhoneSimulator.Build.0 = Release|iPhoneSimulator
		{9BEF26DD-B82E-4222-9743-89DCEE8BD5EA}.Release|x64.ActiveCfg = Release|iPhoneSimulator
		{9BEF26DD-B82E-4222-9743-89DCEE8BD5EA}.Release|x86.ActiveCfg = Release|iPhoneSimulator
		{1B224427-F05E-4BEF-8BE2-E0D5951F0550}.Ad-Hoc|Any CPU.ActiveCfg = Debug|Any CPU
		{1B224427-F05E-4BEF-8BE2-E0D5951F0550}.Ad-Hoc|Any CPU.Build.0 = Debug|Any CPU
		{1B224427-F05E-4BEF-8BE2-E0D5951F0550}.Ad-Hoc|ARM.ActiveCfg = Debug|Any CPU
		{1B224427-F05E-4BEF-8BE2-E0D5951F0550}.Ad-Hoc|ARM.Build.0 = Debug|Any CPU
		{1B224427-F05E-4BEF-8BE2-E0D5951F0550}.Ad-Hoc|ARM64.ActiveCfg = Debug|Any CPU
		{1B224427-F05E-4BEF-8BE2-E0D5951F0550}.Ad-Hoc|ARM64.Build.0 = Debug|Any CPU
		{1B224427-F05E-4BEF-8BE2-E0D5951F0550}.Ad-Hoc|iPhone.ActiveCfg = Debug|Any CPU
		{1B224427-F05E-4BEF-8BE2-E0D5951F0550}.Ad-Hoc|iPhone.Build.0 = Debug|Any CPU
		{1B224427-F05E-4BEF-8BE2-E0D5951F0550}.Ad-Hoc|iPhoneSimulator.ActiveCfg = Debug|Any CPU
		{1B224427-F05E-4BEF-8BE2-E0D5951F0550}.Ad-Hoc|iPhoneSimulator.Build.0 = Debug|Any CPU
		{1B224427-F05E-4BEF-8BE2-E0D5951F0550}.Ad-Hoc|x64.ActiveCfg = Debug|Any CPU
		{1B224427-F05E-4BEF-8BE2-E0D5951F0550}.Ad-Hoc|x64.Build.0 = Debug|Any CPU
		{1B224427-F05E-4BEF-8BE2-E0D5951F0550}.Ad-Hoc|x86.ActiveCfg = Debug|Any CPU
		{1B224427-F05E-4BEF-8BE2-E0D5951F0550}.Ad-Hoc|x86.Build.0 = Debug|Any CPU
		{1B224427-F05E-4BEF-8BE2-E0D5951F0550}.AppStore|Any CPU.ActiveCfg = Debug|Any CPU
		{1B224427-F05E-4BEF-8BE2-E0D5951F0550}.AppStore|Any CPU.Build.0 = Debug|Any CPU
		{1B224427-F05E-4BEF-8BE2-E0D5951F0550}.AppStore|ARM.ActiveCfg = Debug|Any CPU
		{1B224427-F05E-4BEF-8BE2-E0D5951F0550}.AppStore|ARM.Build.0 = Debug|Any CPU
		{1B224427-F05E-4BEF-8BE2-E0D5951F0550}.AppStore|ARM64.ActiveCfg = Debug|Any CPU
		{1B224427-F05E-4BEF-8BE2-E0D5951F0550}.AppStore|ARM64.Build.0 = Debug|Any CPU
		{1B224427-F05E-4BEF-8BE2-E0D5951F0550}.AppStore|iPhone.ActiveCfg = Debug|Any CPU
		{1B224427-F05E-4BEF-8BE2-E0D5951F0550}.AppStore|iPhone.Build.0 = Debug|Any CPU
		{1B224427-F05E-4BEF-8BE2-E0D5951F0550}.AppStore|iPhoneSimulator.ActiveCfg = Debug|Any CPU
		{1B224427-F05E-4BEF-8BE2-E0D5951F0550}.AppStore|iPhoneSimulator.Build.0 = Debug|Any CPU
		{1B224427-F05E-4BEF-8BE2-E0D5951F0550}.AppStore|x64.ActiveCfg = Debug|Any CPU
		{1B224427-F05E-4BEF-8BE2-E0D5951F0550}.AppStore|x64.Build.0 = Debug|Any CPU
		{1B224427-F05E-4BEF-8BE2-E0D5951F0550}.AppStore|x86.ActiveCfg = Debug|Any CPU
		{1B224427-F05E-4BEF-8BE2-E0D5951F0550}.AppStore|x86.Build.0 = Debug|Any CPU
		{1B224427-F05E-4BEF-8BE2-E0D5951F0550}.Debug|Any CPU.ActiveCfg = Debug|Any CPU
		{1B224427-F05E-4BEF-8BE2-E0D5951F0550}.Debug|Any CPU.Build.0 = Debug|Any CPU
		{1B224427-F05E-4BEF-8BE2-E0D5951F0550}.Debug|ARM.ActiveCfg = Debug|Any CPU
		{1B224427-F05E-4BEF-8BE2-E0D5951F0550}.Debug|ARM.Build.0 = Debug|Any CPU
		{1B224427-F05E-4BEF-8BE2-E0D5951F0550}.Debug|ARM64.ActiveCfg = Debug|Any CPU
		{1B224427-F05E-4BEF-8BE2-E0D5951F0550}.Debug|ARM64.Build.0 = Debug|Any CPU
		{1B224427-F05E-4BEF-8BE2-E0D5951F0550}.Debug|iPhone.ActiveCfg = Debug|Any CPU
		{1B224427-F05E-4BEF-8BE2-E0D5951F0550}.Debug|iPhone.Build.0 = Debug|Any CPU
		{1B224427-F05E-4BEF-8BE2-E0D5951F0550}.Debug|iPhoneSimulator.ActiveCfg = Debug|Any CPU
		{1B224427-F05E-4BEF-8BE2-E0D5951F0550}.Debug|iPhoneSimulator.Build.0 = Debug|Any CPU
		{1B224427-F05E-4BEF-8BE2-E0D5951F0550}.Debug|x64.ActiveCfg = Debug|Any CPU
		{1B224427-F05E-4BEF-8BE2-E0D5951F0550}.Debug|x64.Build.0 = Debug|Any CPU
		{1B224427-F05E-4BEF-8BE2-E0D5951F0550}.Debug|x86.ActiveCfg = Debug|Any CPU
		{1B224427-F05E-4BEF-8BE2-E0D5951F0550}.Debug|x86.Build.0 = Debug|Any CPU
		{1B224427-F05E-4BEF-8BE2-E0D5951F0550}.Release|Any CPU.ActiveCfg = Release|Any CPU
		{1B224427-F05E-4BEF-8BE2-E0D5951F0550}.Release|Any CPU.Build.0 = Release|Any CPU
		{1B224427-F05E-4BEF-8BE2-E0D5951F0550}.Release|ARM.ActiveCfg = Release|Any CPU
		{1B224427-F05E-4BEF-8BE2-E0D5951F0550}.Release|ARM.Build.0 = Release|Any CPU
		{1B224427-F05E-4BEF-8BE2-E0D5951F0550}.Release|ARM64.ActiveCfg = Release|Any CPU
		{1B224427-F05E-4BEF-8BE2-E0D5951F0550}.Release|ARM64.Build.0 = Release|Any CPU
		{1B224427-F05E-4BEF-8BE2-E0D5951F0550}.Release|iPhone.ActiveCfg = Release|Any CPU
		{1B224427-F05E-4BEF-8BE2-E0D5951F0550}.Release|iPhone.Build.0 = Release|Any CPU
		{1B224427-F05E-4BEF-8BE2-E0D5951F0550}.Release|iPhoneSimulator.ActiveCfg = Release|Any CPU
		{1B224427-F05E-4BEF-8BE2-E0D5951F0550}.Release|iPhoneSimulator.Build.0 = Release|Any CPU
		{1B224427-F05E-4BEF-8BE2-E0D5951F0550}.Release|x64.ActiveCfg = Release|Any CPU
		{1B224427-F05E-4BEF-8BE2-E0D5951F0550}.Release|x64.Build.0 = Release|Any CPU
		{1B224427-F05E-4BEF-8BE2-E0D5951F0550}.Release|x86.ActiveCfg = Release|Any CPU
		{1B224427-F05E-4BEF-8BE2-E0D5951F0550}.Release|x86.Build.0 = Release|Any CPU
		{89769486-D282-40E8-9EB0-707A0BA8CE98}.Ad-Hoc|Any CPU.ActiveCfg = Debug|Any CPU
		{89769486-D282-40E8-9EB0-707A0BA8CE98}.Ad-Hoc|Any CPU.Build.0 = Debug|Any CPU
		{89769486-D282-40E8-9EB0-707A0BA8CE98}.Ad-Hoc|ARM.ActiveCfg = Debug|Any CPU
		{89769486-D282-40E8-9EB0-707A0BA8CE98}.Ad-Hoc|ARM.Build.0 = Debug|Any CPU
		{89769486-D282-40E8-9EB0-707A0BA8CE98}.Ad-Hoc|ARM64.ActiveCfg = Debug|Any CPU
		{89769486-D282-40E8-9EB0-707A0BA8CE98}.Ad-Hoc|ARM64.Build.0 = Debug|Any CPU
		{89769486-D282-40E8-9EB0-707A0BA8CE98}.Ad-Hoc|iPhone.ActiveCfg = Debug|Any CPU
		{89769486-D282-40E8-9EB0-707A0BA8CE98}.Ad-Hoc|iPhone.Build.0 = Debug|Any CPU
		{89769486-D282-40E8-9EB0-707A0BA8CE98}.Ad-Hoc|iPhoneSimulator.ActiveCfg = Debug|Any CPU
		{89769486-D282-40E8-9EB0-707A0BA8CE98}.Ad-Hoc|iPhoneSimulator.Build.0 = Debug|Any CPU
		{89769486-D282-40E8-9EB0-707A0BA8CE98}.Ad-Hoc|x64.ActiveCfg = Debug|Any CPU
		{89769486-D282-40E8-9EB0-707A0BA8CE98}.Ad-Hoc|x64.Build.0 = Debug|Any CPU
		{89769486-D282-40E8-9EB0-707A0BA8CE98}.Ad-Hoc|x86.ActiveCfg = Debug|Any CPU
		{89769486-D282-40E8-9EB0-707A0BA8CE98}.Ad-Hoc|x86.Build.0 = Debug|Any CPU
		{89769486-D282-40E8-9EB0-707A0BA8CE98}.AppStore|Any CPU.ActiveCfg = Debug|Any CPU
		{89769486-D282-40E8-9EB0-707A0BA8CE98}.AppStore|Any CPU.Build.0 = Debug|Any CPU
		{89769486-D282-40E8-9EB0-707A0BA8CE98}.AppStore|ARM.ActiveCfg = Debug|Any CPU
		{89769486-D282-40E8-9EB0-707A0BA8CE98}.AppStore|ARM.Build.0 = Debug|Any CPU
		{89769486-D282-40E8-9EB0-707A0BA8CE98}.AppStore|ARM64.ActiveCfg = Debug|Any CPU
		{89769486-D282-40E8-9EB0-707A0BA8CE98}.AppStore|ARM64.Build.0 = Debug|Any CPU
		{89769486-D282-40E8-9EB0-707A0BA8CE98}.AppStore|iPhone.ActiveCfg = Debug|Any CPU
		{89769486-D282-40E8-9EB0-707A0BA8CE98}.AppStore|iPhone.Build.0 = Debug|Any CPU
		{89769486-D282-40E8-9EB0-707A0BA8CE98}.AppStore|iPhoneSimulator.ActiveCfg = Debug|Any CPU
		{89769486-D282-40E8-9EB0-707A0BA8CE98}.AppStore|iPhoneSimulator.Build.0 = Debug|Any CPU
		{89769486-D282-40E8-9EB0-707A0BA8CE98}.AppStore|x64.ActiveCfg = Debug|Any CPU
		{89769486-D282-40E8-9EB0-707A0BA8CE98}.AppStore|x64.Build.0 = Debug|Any CPU
		{89769486-D282-40E8-9EB0-707A0BA8CE98}.AppStore|x86.ActiveCfg = Debug|Any CPU
		{89769486-D282-40E8-9EB0-707A0BA8CE98}.AppStore|x86.Build.0 = Debug|Any CPU
		{89769486-D282-40E8-9EB0-707A0BA8CE98}.Debug|Any CPU.ActiveCfg = Debug|Any CPU
		{89769486-D282-40E8-9EB0-707A0BA8CE98}.Debug|Any CPU.Build.0 = Debug|Any CPU
		{89769486-D282-40E8-9EB0-707A0BA8CE98}.Debug|ARM.ActiveCfg = Debug|Any CPU
		{89769486-D282-40E8-9EB0-707A0BA8CE98}.Debug|ARM.Build.0 = Debug|Any CPU
		{89769486-D282-40E8-9EB0-707A0BA8CE98}.Debug|ARM64.ActiveCfg = Debug|Any CPU
		{89769486-D282-40E8-9EB0-707A0BA8CE98}.Debug|ARM64.Build.0 = Debug|Any CPU
		{89769486-D282-40E8-9EB0-707A0BA8CE98}.Debug|iPhone.ActiveCfg = Debug|Any CPU
		{89769486-D282-40E8-9EB0-707A0BA8CE98}.Debug|iPhone.Build.0 = Debug|Any CPU
		{89769486-D282-40E8-9EB0-707A0BA8CE98}.Debug|iPhoneSimulator.ActiveCfg = Debug|Any CPU
		{89769486-D282-40E8-9EB0-707A0BA8CE98}.Debug|iPhoneSimulator.Build.0 = Debug|Any CPU
		{89769486-D282-40E8-9EB0-707A0BA8CE98}.Debug|x64.ActiveCfg = Debug|Any CPU
		{89769486-D282-40E8-9EB0-707A0BA8CE98}.Debug|x64.Build.0 = Debug|Any CPU
		{89769486-D282-40E8-9EB0-707A0BA8CE98}.Debug|x86.ActiveCfg = Debug|Any CPU
		{89769486-D282-40E8-9EB0-707A0BA8CE98}.Debug|x86.Build.0 = Debug|Any CPU
		{89769486-D282-40E8-9EB0-707A0BA8CE98}.Release|Any CPU.ActiveCfg = Release|Any CPU
		{89769486-D282-40E8-9EB0-707A0BA8CE98}.Release|Any CPU.Build.0 = Release|Any CPU
		{89769486-D282-40E8-9EB0-707A0BA8CE98}.Release|ARM.ActiveCfg = Release|Any CPU
		{89769486-D282-40E8-9EB0-707A0BA8CE98}.Release|ARM.Build.0 = Release|Any CPU
		{89769486-D282-40E8-9EB0-707A0BA8CE98}.Release|ARM64.ActiveCfg = Release|Any CPU
		{89769486-D282-40E8-9EB0-707A0BA8CE98}.Release|ARM64.Build.0 = Release|Any CPU
		{89769486-D282-40E8-9EB0-707A0BA8CE98}.Release|iPhone.ActiveCfg = Release|Any CPU
		{89769486-D282-40E8-9EB0-707A0BA8CE98}.Release|iPhone.Build.0 = Release|Any CPU
		{89769486-D282-40E8-9EB0-707A0BA8CE98}.Release|iPhoneSimulator.ActiveCfg = Release|Any CPU
		{89769486-D282-40E8-9EB0-707A0BA8CE98}.Release|iPhoneSimulator.Build.0 = Release|Any CPU
		{89769486-D282-40E8-9EB0-707A0BA8CE98}.Release|x64.ActiveCfg = Release|Any CPU
		{89769486-D282-40E8-9EB0-707A0BA8CE98}.Release|x64.Build.0 = Release|Any CPU
		{89769486-D282-40E8-9EB0-707A0BA8CE98}.Release|x86.ActiveCfg = Release|Any CPU
		{89769486-D282-40E8-9EB0-707A0BA8CE98}.Release|x86.Build.0 = Release|Any CPU
		{BA5393DE-7C54-4DE6-BC39-0C22DCBC70CF}.Ad-Hoc|Any CPU.ActiveCfg = Debug|Any CPU
		{BA5393DE-7C54-4DE6-BC39-0C22DCBC70CF}.Ad-Hoc|Any CPU.Build.0 = Debug|Any CPU
		{BA5393DE-7C54-4DE6-BC39-0C22DCBC70CF}.Ad-Hoc|ARM.ActiveCfg = Debug|Any CPU
		{BA5393DE-7C54-4DE6-BC39-0C22DCBC70CF}.Ad-Hoc|ARM.Build.0 = Debug|Any CPU
		{BA5393DE-7C54-4DE6-BC39-0C22DCBC70CF}.Ad-Hoc|ARM64.ActiveCfg = Debug|Any CPU
		{BA5393DE-7C54-4DE6-BC39-0C22DCBC70CF}.Ad-Hoc|ARM64.Build.0 = Debug|Any CPU
		{BA5393DE-7C54-4DE6-BC39-0C22DCBC70CF}.Ad-Hoc|iPhone.ActiveCfg = Debug|Any CPU
		{BA5393DE-7C54-4DE6-BC39-0C22DCBC70CF}.Ad-Hoc|iPhone.Build.0 = Debug|Any CPU
		{BA5393DE-7C54-4DE6-BC39-0C22DCBC70CF}.Ad-Hoc|iPhoneSimulator.ActiveCfg = Debug|Any CPU
		{BA5393DE-7C54-4DE6-BC39-0C22DCBC70CF}.Ad-Hoc|iPhoneSimulator.Build.0 = Debug|Any CPU
		{BA5393DE-7C54-4DE6-BC39-0C22DCBC70CF}.Ad-Hoc|x64.ActiveCfg = Debug|Any CPU
		{BA5393DE-7C54-4DE6-BC39-0C22DCBC70CF}.Ad-Hoc|x64.Build.0 = Debug|Any CPU
		{BA5393DE-7C54-4DE6-BC39-0C22DCBC70CF}.Ad-Hoc|x86.ActiveCfg = Debug|Any CPU
		{BA5393DE-7C54-4DE6-BC39-0C22DCBC70CF}.Ad-Hoc|x86.Build.0 = Debug|Any CPU
		{BA5393DE-7C54-4DE6-BC39-0C22DCBC70CF}.AppStore|Any CPU.ActiveCfg = Debug|Any CPU
		{BA5393DE-7C54-4DE6-BC39-0C22DCBC70CF}.AppStore|Any CPU.Build.0 = Debug|Any CPU
		{BA5393DE-7C54-4DE6-BC39-0C22DCBC70CF}.AppStore|ARM.ActiveCfg = Debug|Any CPU
		{BA5393DE-7C54-4DE6-BC39-0C22DCBC70CF}.AppStore|ARM.Build.0 = Debug|Any CPU
		{BA5393DE-7C54-4DE6-BC39-0C22DCBC70CF}.AppStore|ARM64.ActiveCfg = Debug|Any CPU
		{BA5393DE-7C54-4DE6-BC39-0C22DCBC70CF}.AppStore|ARM64.Build.0 = Debug|Any CPU
		{BA5393DE-7C54-4DE6-BC39-0C22DCBC70CF}.AppStore|iPhone.ActiveCfg = Debug|Any CPU
		{BA5393DE-7C54-4DE6-BC39-0C22DCBC70CF}.AppStore|iPhone.Build.0 = Debug|Any CPU
		{BA5393DE-7C54-4DE6-BC39-0C22DCBC70CF}.AppStore|iPhoneSimulator.ActiveCfg = Debug|Any CPU
		{BA5393DE-7C54-4DE6-BC39-0C22DCBC70CF}.AppStore|iPhoneSimulator.Build.0 = Debug|Any CPU
		{BA5393DE-7C54-4DE6-BC39-0C22DCBC70CF}.AppStore|x64.ActiveCfg = Debug|Any CPU
		{BA5393DE-7C54-4DE6-BC39-0C22DCBC70CF}.AppStore|x64.Build.0 = Debug|Any CPU
		{BA5393DE-7C54-4DE6-BC39-0C22DCBC70CF}.AppStore|x86.ActiveCfg = Debug|Any CPU
		{BA5393DE-7C54-4DE6-BC39-0C22DCBC70CF}.AppStore|x86.Build.0 = Debug|Any CPU
		{BA5393DE-7C54-4DE6-BC39-0C22DCBC70CF}.Debug|Any CPU.ActiveCfg = Debug|Any CPU
		{BA5393DE-7C54-4DE6-BC39-0C22DCBC70CF}.Debug|Any CPU.Build.0 = Debug|Any CPU
		{BA5393DE-7C54-4DE6-BC39-0C22DCBC70CF}.Debug|ARM.ActiveCfg = Debug|Any CPU
		{BA5393DE-7C54-4DE6-BC39-0C22DCBC70CF}.Debug|ARM.Build.0 = Debug|Any CPU
		{BA5393DE-7C54-4DE6-BC39-0C22DCBC70CF}.Debug|ARM64.ActiveCfg = Debug|Any CPU
		{BA5393DE-7C54-4DE6-BC39-0C22DCBC70CF}.Debug|ARM64.Build.0 = Debug|Any CPU
		{BA5393DE-7C54-4DE6-BC39-0C22DCBC70CF}.Debug|iPhone.ActiveCfg = Debug|Any CPU
		{BA5393DE-7C54-4DE6-BC39-0C22DCBC70CF}.Debug|iPhone.Build.0 = Debug|Any CPU
		{BA5393DE-7C54-4DE6-BC39-0C22DCBC70CF}.Debug|iPhoneSimulator.ActiveCfg = Debug|Any CPU
		{BA5393DE-7C54-4DE6-BC39-0C22DCBC70CF}.Debug|iPhoneSimulator.Build.0 = Debug|Any CPU
		{BA5393DE-7C54-4DE6-BC39-0C22DCBC70CF}.Debug|x64.ActiveCfg = Debug|Any CPU
		{BA5393DE-7C54-4DE6-BC39-0C22DCBC70CF}.Debug|x64.Build.0 = Debug|Any CPU
		{BA5393DE-7C54-4DE6-BC39-0C22DCBC70CF}.Debug|x86.ActiveCfg = Debug|Any CPU
		{BA5393DE-7C54-4DE6-BC39-0C22DCBC70CF}.Debug|x86.Build.0 = Debug|Any CPU
		{BA5393DE-7C54-4DE6-BC39-0C22DCBC70CF}.Release|Any CPU.ActiveCfg = Release|Any CPU
		{BA5393DE-7C54-4DE6-BC39-0C22DCBC70CF}.Release|Any CPU.Build.0 = Release|Any CPU
		{BA5393DE-7C54-4DE6-BC39-0C22DCBC70CF}.Release|ARM.ActiveCfg = Release|Any CPU
		{BA5393DE-7C54-4DE6-BC39-0C22DCBC70CF}.Release|ARM.Build.0 = Release|Any CPU
		{BA5393DE-7C54-4DE6-BC39-0C22DCBC70CF}.Release|ARM64.ActiveCfg = Release|Any CPU
		{BA5393DE-7C54-4DE6-BC39-0C22DCBC70CF}.Release|ARM64.Build.0 = Release|Any CPU
		{BA5393DE-7C54-4DE6-BC39-0C22DCBC70CF}.Release|iPhone.ActiveCfg = Release|Any CPU
		{BA5393DE-7C54-4DE6-BC39-0C22DCBC70CF}.Release|iPhone.Build.0 = Release|Any CPU
		{BA5393DE-7C54-4DE6-BC39-0C22DCBC70CF}.Release|iPhoneSimulator.ActiveCfg = Release|Any CPU
		{BA5393DE-7C54-4DE6-BC39-0C22DCBC70CF}.Release|iPhoneSimulator.Build.0 = Release|Any CPU
		{BA5393DE-7C54-4DE6-BC39-0C22DCBC70CF}.Release|x64.ActiveCfg = Release|Any CPU
		{BA5393DE-7C54-4DE6-BC39-0C22DCBC70CF}.Release|x64.Build.0 = Release|Any CPU
		{BA5393DE-7C54-4DE6-BC39-0C22DCBC70CF}.Release|x86.ActiveCfg = Release|Any CPU
		{BA5393DE-7C54-4DE6-BC39-0C22DCBC70CF}.Release|x86.Build.0 = Release|Any CPU
		{F5605E5E-6FA4-475A-952D-08A4288756C3}.Ad-Hoc|Any CPU.ActiveCfg = Debug|Any CPU
		{F5605E5E-6FA4-475A-952D-08A4288756C3}.Ad-Hoc|Any CPU.Build.0 = Debug|Any CPU
		{F5605E5E-6FA4-475A-952D-08A4288756C3}.Ad-Hoc|ARM.ActiveCfg = Debug|Any CPU
		{F5605E5E-6FA4-475A-952D-08A4288756C3}.Ad-Hoc|ARM.Build.0 = Debug|Any CPU
		{F5605E5E-6FA4-475A-952D-08A4288756C3}.Ad-Hoc|ARM64.ActiveCfg = Debug|Any CPU
		{F5605E5E-6FA4-475A-952D-08A4288756C3}.Ad-Hoc|ARM64.Build.0 = Debug|Any CPU
		{F5605E5E-6FA4-475A-952D-08A4288756C3}.Ad-Hoc|iPhone.ActiveCfg = Debug|Any CPU
		{F5605E5E-6FA4-475A-952D-08A4288756C3}.Ad-Hoc|iPhone.Build.0 = Debug|Any CPU
		{F5605E5E-6FA4-475A-952D-08A4288756C3}.Ad-Hoc|iPhoneSimulator.ActiveCfg = Debug|Any CPU
		{F5605E5E-6FA4-475A-952D-08A4288756C3}.Ad-Hoc|iPhoneSimulator.Build.0 = Debug|Any CPU
		{F5605E5E-6FA4-475A-952D-08A4288756C3}.Ad-Hoc|x64.ActiveCfg = Debug|Any CPU
		{F5605E5E-6FA4-475A-952D-08A4288756C3}.Ad-Hoc|x64.Build.0 = Debug|Any CPU
		{F5605E5E-6FA4-475A-952D-08A4288756C3}.Ad-Hoc|x86.ActiveCfg = Debug|Any CPU
		{F5605E5E-6FA4-475A-952D-08A4288756C3}.Ad-Hoc|x86.Build.0 = Debug|Any CPU
		{F5605E5E-6FA4-475A-952D-08A4288756C3}.AppStore|Any CPU.ActiveCfg = Debug|Any CPU
		{F5605E5E-6FA4-475A-952D-08A4288756C3}.AppStore|Any CPU.Build.0 = Debug|Any CPU
		{F5605E5E-6FA4-475A-952D-08A4288756C3}.AppStore|ARM.ActiveCfg = Debug|Any CPU
		{F5605E5E-6FA4-475A-952D-08A4288756C3}.AppStore|ARM.Build.0 = Debug|Any CPU
		{F5605E5E-6FA4-475A-952D-08A4288756C3}.AppStore|ARM64.ActiveCfg = Debug|Any CPU
		{F5605E5E-6FA4-475A-952D-08A4288756C3}.AppStore|ARM64.Build.0 = Debug|Any CPU
		{F5605E5E-6FA4-475A-952D-08A4288756C3}.AppStore|iPhone.ActiveCfg = Debug|Any CPU
		{F5605E5E-6FA4-475A-952D-08A4288756C3}.AppStore|iPhone.Build.0 = Debug|Any CPU
		{F5605E5E-6FA4-475A-952D-08A4288756C3}.AppStore|iPhoneSimulator.ActiveCfg = Debug|Any CPU
		{F5605E5E-6FA4-475A-952D-08A4288756C3}.AppStore|iPhoneSimulator.Build.0 = Debug|Any CPU
		{F5605E5E-6FA4-475A-952D-08A4288756C3}.AppStore|x64.ActiveCfg = Debug|Any CPU
		{F5605E5E-6FA4-475A-952D-08A4288756C3}.AppStore|x64.Build.0 = Debug|Any CPU
		{F5605E5E-6FA4-475A-952D-08A4288756C3}.AppStore|x86.ActiveCfg = Debug|Any CPU
		{F5605E5E-6FA4-475A-952D-08A4288756C3}.AppStore|x86.Build.0 = Debug|Any CPU
		{F5605E5E-6FA4-475A-952D-08A4288756C3}.Debug|Any CPU.ActiveCfg = Debug|Any CPU
		{F5605E5E-6FA4-475A-952D-08A4288756C3}.Debug|Any CPU.Build.0 = Debug|Any CPU
		{F5605E5E-6FA4-475A-952D-08A4288756C3}.Debug|ARM.ActiveCfg = Debug|Any CPU
		{F5605E5E-6FA4-475A-952D-08A4288756C3}.Debug|ARM.Build.0 = Debug|Any CPU
		{F5605E5E-6FA4-475A-952D-08A4288756C3}.Debug|ARM64.ActiveCfg = Debug|Any CPU
		{F5605E5E-6FA4-475A-952D-08A4288756C3}.Debug|ARM64.Build.0 = Debug|Any CPU
		{F5605E5E-6FA4-475A-952D-08A4288756C3}.Debug|iPhone.ActiveCfg = Debug|Any CPU
		{F5605E5E-6FA4-475A-952D-08A4288756C3}.Debug|iPhone.Build.0 = Debug|Any CPU
		{F5605E5E-6FA4-475A-952D-08A4288756C3}.Debug|iPhoneSimulator.ActiveCfg = Debug|Any CPU
		{F5605E5E-6FA4-475A-952D-08A4288756C3}.Debug|iPhoneSimulator.Build.0 = Debug|Any CPU
		{F5605E5E-6FA4-475A-952D-08A4288756C3}.Debug|x64.ActiveCfg = Debug|Any CPU
		{F5605E5E-6FA4-475A-952D-08A4288756C3}.Debug|x64.Build.0 = Debug|Any CPU
		{F5605E5E-6FA4-475A-952D-08A4288756C3}.Debug|x86.ActiveCfg = Debug|Any CPU
		{F5605E5E-6FA4-475A-952D-08A4288756C3}.Debug|x86.Build.0 = Debug|Any CPU
		{F5605E5E-6FA4-475A-952D-08A4288756C3}.Release|Any CPU.ActiveCfg = Release|Any CPU
		{F5605E5E-6FA4-475A-952D-08A4288756C3}.Release|Any CPU.Build.0 = Release|Any CPU
		{F5605E5E-6FA4-475A-952D-08A4288756C3}.Release|ARM.ActiveCfg = Release|Any CPU
		{F5605E5E-6FA4-475A-952D-08A4288756C3}.Release|ARM.Build.0 = Release|Any CPU
		{F5605E5E-6FA4-475A-952D-08A4288756C3}.Release|ARM64.ActiveCfg = Release|Any CPU
		{F5605E5E-6FA4-475A-952D-08A4288756C3}.Release|ARM64.Build.0 = Release|Any CPU
		{F5605E5E-6FA4-475A-952D-08A4288756C3}.Release|iPhone.ActiveCfg = Release|Any CPU
		{F5605E5E-6FA4-475A-952D-08A4288756C3}.Release|iPhone.Build.0 = Release|Any CPU
		{F5605E5E-6FA4-475A-952D-08A4288756C3}.Release|iPhoneSimulator.ActiveCfg = Release|Any CPU
		{F5605E5E-6FA4-475A-952D-08A4288756C3}.Release|iPhoneSimulator.Build.0 = Release|Any CPU
		{F5605E5E-6FA4-475A-952D-08A4288756C3}.Release|x64.ActiveCfg = Release|Any CPU
		{F5605E5E-6FA4-475A-952D-08A4288756C3}.Release|x64.Build.0 = Release|Any CPU
		{F5605E5E-6FA4-475A-952D-08A4288756C3}.Release|x86.ActiveCfg = Release|Any CPU
		{F5605E5E-6FA4-475A-952D-08A4288756C3}.Release|x86.Build.0 = Release|Any CPU
		{53F0F5C9-2FEE-406B-B1ED-C16C574B1248}.Ad-Hoc|Any CPU.ActiveCfg = Debug|Any CPU
		{53F0F5C9-2FEE-406B-B1ED-C16C574B1248}.Ad-Hoc|Any CPU.Build.0 = Debug|Any CPU
		{53F0F5C9-2FEE-406B-B1ED-C16C574B1248}.Ad-Hoc|ARM.ActiveCfg = Debug|Any CPU
		{53F0F5C9-2FEE-406B-B1ED-C16C574B1248}.Ad-Hoc|ARM.Build.0 = Debug|Any CPU
		{53F0F5C9-2FEE-406B-B1ED-C16C574B1248}.Ad-Hoc|ARM64.ActiveCfg = Debug|Any CPU
		{53F0F5C9-2FEE-406B-B1ED-C16C574B1248}.Ad-Hoc|ARM64.Build.0 = Debug|Any CPU
		{53F0F5C9-2FEE-406B-B1ED-C16C574B1248}.Ad-Hoc|iPhone.ActiveCfg = Debug|Any CPU
		{53F0F5C9-2FEE-406B-B1ED-C16C574B1248}.Ad-Hoc|iPhone.Build.0 = Debug|Any CPU
		{53F0F5C9-2FEE-406B-B1ED-C16C574B1248}.Ad-Hoc|iPhoneSimulator.ActiveCfg = Debug|Any CPU
		{53F0F5C9-2FEE-406B-B1ED-C16C574B1248}.Ad-Hoc|iPhoneSimulator.Build.0 = Debug|Any CPU
		{53F0F5C9-2FEE-406B-B1ED-C16C574B1248}.Ad-Hoc|x64.ActiveCfg = Debug|Any CPU
		{53F0F5C9-2FEE-406B-B1ED-C16C574B1248}.Ad-Hoc|x64.Build.0 = Debug|Any CPU
		{53F0F5C9-2FEE-406B-B1ED-C16C574B1248}.Ad-Hoc|x86.ActiveCfg = Debug|Any CPU
		{53F0F5C9-2FEE-406B-B1ED-C16C574B1248}.Ad-Hoc|x86.Build.0 = Debug|Any CPU
		{53F0F5C9-2FEE-406B-B1ED-C16C574B1248}.AppStore|Any CPU.ActiveCfg = Debug|Any CPU
		{53F0F5C9-2FEE-406B-B1ED-C16C574B1248}.AppStore|Any CPU.Build.0 = Debug|Any CPU
		{53F0F5C9-2FEE-406B-B1ED-C16C574B1248}.AppStore|ARM.ActiveCfg = Debug|Any CPU
		{53F0F5C9-2FEE-406B-B1ED-C16C574B1248}.AppStore|ARM.Build.0 = Debug|Any CPU
		{53F0F5C9-2FEE-406B-B1ED-C16C574B1248}.AppStore|ARM64.ActiveCfg = Debug|Any CPU
		{53F0F5C9-2FEE-406B-B1ED-C16C574B1248}.AppStore|ARM64.Build.0 = Debug|Any CPU
		{53F0F5C9-2FEE-406B-B1ED-C16C574B1248}.AppStore|iPhone.ActiveCfg = Debug|Any CPU
		{53F0F5C9-2FEE-406B-B1ED-C16C574B1248}.AppStore|iPhone.Build.0 = Debug|Any CPU
		{53F0F5C9-2FEE-406B-B1ED-C16C574B1248}.AppStore|iPhoneSimulator.ActiveCfg = Debug|Any CPU
		{53F0F5C9-2FEE-406B-B1ED-C16C574B1248}.AppStore|iPhoneSimulator.Build.0 = Debug|Any CPU
		{53F0F5C9-2FEE-406B-B1ED-C16C574B1248}.AppStore|x64.ActiveCfg = Debug|Any CPU
		{53F0F5C9-2FEE-406B-B1ED-C16C574B1248}.AppStore|x64.Build.0 = Debug|Any CPU
		{53F0F5C9-2FEE-406B-B1ED-C16C574B1248}.AppStore|x86.ActiveCfg = Debug|Any CPU
		{53F0F5C9-2FEE-406B-B1ED-C16C574B1248}.AppStore|x86.Build.0 = Debug|Any CPU
		{53F0F5C9-2FEE-406B-B1ED-C16C574B1248}.Debug|Any CPU.ActiveCfg = Debug|Any CPU
		{53F0F5C9-2FEE-406B-B1ED-C16C574B1248}.Debug|Any CPU.Build.0 = Debug|Any CPU
		{53F0F5C9-2FEE-406B-B1ED-C16C574B1248}.Debug|ARM.ActiveCfg = Debug|Any CPU
		{53F0F5C9-2FEE-406B-B1ED-C16C574B1248}.Debug|ARM.Build.0 = Debug|Any CPU
		{53F0F5C9-2FEE-406B-B1ED-C16C574B1248}.Debug|ARM64.ActiveCfg = Debug|Any CPU
		{53F0F5C9-2FEE-406B-B1ED-C16C574B1248}.Debug|ARM64.Build.0 = Debug|Any CPU
		{53F0F5C9-2FEE-406B-B1ED-C16C574B1248}.Debug|iPhone.ActiveCfg = Debug|Any CPU
		{53F0F5C9-2FEE-406B-B1ED-C16C574B1248}.Debug|iPhone.Build.0 = Debug|Any CPU
		{53F0F5C9-2FEE-406B-B1ED-C16C574B1248}.Debug|iPhoneSimulator.ActiveCfg = Debug|Any CPU
		{53F0F5C9-2FEE-406B-B1ED-C16C574B1248}.Debug|iPhoneSimulator.Build.0 = Debug|Any CPU
		{53F0F5C9-2FEE-406B-B1ED-C16C574B1248}.Debug|x64.ActiveCfg = Debug|Any CPU
		{53F0F5C9-2FEE-406B-B1ED-C16C574B1248}.Debug|x64.Build.0 = Debug|Any CPU
		{53F0F5C9-2FEE-406B-B1ED-C16C574B1248}.Debug|x86.ActiveCfg = Debug|Any CPU
		{53F0F5C9-2FEE-406B-B1ED-C16C574B1248}.Debug|x86.Build.0 = Debug|Any CPU
		{53F0F5C9-2FEE-406B-B1ED-C16C574B1248}.Release|Any CPU.ActiveCfg = Release|Any CPU
		{53F0F5C9-2FEE-406B-B1ED-C16C574B1248}.Release|Any CPU.Build.0 = Release|Any CPU
		{53F0F5C9-2FEE-406B-B1ED-C16C574B1248}.Release|ARM.ActiveCfg = Release|Any CPU
		{53F0F5C9-2FEE-406B-B1ED-C16C574B1248}.Release|ARM.Build.0 = Release|Any CPU
		{53F0F5C9-2FEE-406B-B1ED-C16C574B1248}.Release|ARM64.ActiveCfg = Release|Any CPU
		{53F0F5C9-2FEE-406B-B1ED-C16C574B1248}.Release|ARM64.Build.0 = Release|Any CPU
		{53F0F5C9-2FEE-406B-B1ED-C16C574B1248}.Release|iPhone.ActiveCfg = Release|Any CPU
		{53F0F5C9-2FEE-406B-B1ED-C16C574B1248}.Release|iPhone.Build.0 = Release|Any CPU
		{53F0F5C9-2FEE-406B-B1ED-C16C574B1248}.Release|iPhoneSimulator.ActiveCfg = Release|Any CPU
		{53F0F5C9-2FEE-406B-B1ED-C16C574B1248}.Release|iPhoneSimulator.Build.0 = Release|Any CPU
		{53F0F5C9-2FEE-406B-B1ED-C16C574B1248}.Release|x64.ActiveCfg = Release|Any CPU
		{53F0F5C9-2FEE-406B-B1ED-C16C574B1248}.Release|x64.Build.0 = Release|Any CPU
		{53F0F5C9-2FEE-406B-B1ED-C16C574B1248}.Release|x86.ActiveCfg = Release|Any CPU
		{53F0F5C9-2FEE-406B-B1ED-C16C574B1248}.Release|x86.Build.0 = Release|Any CPU
	EndGlobalSection
	GlobalSection(SolutionProperties) = preSolution
		HideSolutionNode = FALSE
	EndGlobalSection
	GlobalSection(NestedProjects) = preSolution
		{F1F0AC25-686B-4327-814D-A30A3B427BF7} = {55A883FA-A28D-4D6A-8722-7DFEA4C47C70}
		{EFCB10D7-30CF-474D-9EBA-03E5B5F450E3} = {55A883FA-A28D-4D6A-8722-7DFEA4C47C70}
		{FC99E8A2-FCFC-47CB-8AC6-EFA5B7A05895} = {55A883FA-A28D-4D6A-8722-7DFEA4C47C70}
		{D463750A-D714-411B-A9C6-D72B9B0378C6} = {55A883FA-A28D-4D6A-8722-7DFEA4C47C70}
		{9BEF26DD-B82E-4222-9743-89DCEE8BD5EA} = {55A883FA-A28D-4D6A-8722-7DFEA4C47C70}
		{1B224427-F05E-4BEF-8BE2-E0D5951F0550} = {55A883FA-A28D-4D6A-8722-7DFEA4C47C70}
		{89769486-D282-40E8-9EB0-707A0BA8CE98} = {55A883FA-A28D-4D6A-8722-7DFEA4C47C70}
		{BA5393DE-7C54-4DE6-BC39-0C22DCBC70CF} = {55A883FA-A28D-4D6A-8722-7DFEA4C47C70}
		{F5605E5E-6FA4-475A-952D-08A4288756C3} = {55A883FA-A28D-4D6A-8722-7DFEA4C47C70}
	EndGlobalSection
	GlobalSection(ExtensibilityGlobals) = postSolution
		SolutionGuid = {14B6FA55-4B06-4F21-B961-A15E5F9EF853}
	EndGlobalSection
EndGlobal
